
Microsoft Visual Studio Solution File, Format Version 12.00
# Visual Studio 15
VisualStudioVersion = 15.0.27428.2002
MinimumVisualStudioVersion = 10.0.40219.1
Project("{FAE04EC0-301F-11D3-BF4B-00C04F79EFBC}") = "InnStore", "NetTest\InnStore.csproj", "{160FDFCC-D325-447C-8B57-E598F4D57FAA}"
EndProject
Global
	GlobalSection(SolutionConfigurationPlatforms) = preSolution
		Debug|Any CPU = Debug|Any CPU
		Release|Any CPU = Release|Any CPU
	EndGlobalSection
	GlobalSection(ProjectConfigurationPlatforms) = postSolution
		{160FDFCC-D325-447C-8B57-E598F4D57FAA}.Debug|Any CPU.ActiveCfg = Debug|Any CPU
		{160FDFCC-D325-447C-8B57-E598F4D57FAA}.Debug|Any CPU.Build.0 = Debug|Any CPU
		{160FDFCC-D325-447C-8B57-E598F4D57FAA}.Release|Any CPU.ActiveCfg = Release|Any CPU
		{160FDFCC-D325-447C-8B57-E598F4D57FAA}.Release|Any CPU.Build.0 = Release|Any CPU
	EndGlobalSection
	GlobalSection(SolutionProperties) = preSolution
		HideSolutionNode = FALSE
	EndGlobalSection
	GlobalSection(ExtensibilityGlobals) = postSolution
		SolutionGuid = {CF2CDBAA-0EF7-4C04-8F08-FDACFC4737AA}
	EndGlobalSection
EndGlobal
